
Microsoft Visual Studio Solution File, Format Version 12.00
# Visual Studio Version 16
VisualStudioVersion = 16.0.810.6
MinimumVisualStudioVersion = 10.0.40219.1
Project("{FAE04EC0-301F-11D3-BF4B-00C04F79EFBC}") = "photoGalleryApp", "photoGalleryApp\photoGalleryApp.csproj", "{14971289-3CAC-42B0-8D9F-B623841B96EC}"
EndProject
Project("{FAE04EC0-301F-11D3-BF4B-00C04F79EFBC}") = "photoGalleryApp.Android", "photoGalleryApp.Android\photoGalleryApp.Android.csproj", "{682604DC-C92D-4BE9-B0CD-17C7968A7CF0}"
EndProject
Global
	GlobalSection(SolutionConfigurationPlatforms) = preSolution
		Debug|Any CPU = Debug|Any CPU
		Release|Any CPU = Release|Any CPU
		Debug|iPhoneSimulator = Debug|iPhoneSimulator
		Release|iPhoneSimulator = Release|iPhoneSimulator
		Debug|iPhone = Debug|iPhone
		Release|iPhone = Release|iPhone
	EndGlobalSection
	GlobalSection(ProjectConfigurationPlatforms) = postSolution
		{14971289-3CAC-42B0-8D9F-B623841B96EC}.Debug|Any CPU.ActiveCfg = Debug|Any CPU
		{14971289-3CAC-42B0-8D9F-B623841B96EC}.Debug|Any CPU.Build.0 = Debug|Any CPU
		{14971289-3CAC-42B0-8D9F-B623841B96EC}.Release|Any CPU.ActiveCfg = Release|Any CPU
		{14971289-3CAC-42B0-8D9F-B623841B96EC}.Release|Any CPU.Build.0 = Release|Any CPU
		{14971289-3CAC-42B0-8D9F-B623841B96EC}.Debug|iPhoneSimulator.ActiveCfg = Debug|Any CPU
		{14971289-3CAC-42B0-8D9F-B623841B96EC}.Debug|iPhoneSimulator.Build.0 = Debug|Any CPU
		{14971289-3CAC-42B0-8D9F-B623841B96EC}.Release|iPhoneSimulator.ActiveCfg = Release|Any CPU
		{14971289-3CAC-42B0-8D9F-B623841B96EC}.Release|iPhoneSimulator.Build.0 = Release|Any CPU
		{14971289-3CAC-42B0-8D9F-B623841B96EC}.Debug|iPhone.ActiveCfg = Debug|Any CPU
		{14971289-3CAC-42B0-8D9F-B623841B96EC}.Debug|iPhone.Build.0 = Debug|Any CPU
		{14971289-3CAC-42B0-8D9F-B623841B96EC}.Release|iPhone.ActiveCfg = Release|Any CPU
		{14971289-3CAC-42B0-8D9F-B623841B96EC}.Release|iPhone.Build.0 = Release|Any CPU
		{682604DC-C92D-4BE9-B0CD-17C7968A7CF0}.Debug|Any CPU.ActiveCfg = Debug|Any CPU
		{682604DC-C92D-4BE9-B0CD-17C7968A7CF0}.Debug|Any CPU.Build.0 = Debug|Any CPU
		{682604DC-C92D-4BE9-B0CD-17C7968A7CF0}.Release|Any CPU.ActiveCfg = Release|Any CPU
		{682604DC-C92D-4BE9-B0CD-17C7968A7CF0}.Release|Any CPU.Build.0 = Release|Any CPU
		{682604DC-C92D-4BE9-B0CD-17C7968A7CF0}.Debug|iPhoneSimulator.ActiveCfg = Debug|Any CPU
		{682604DC-C92D-4BE9-B0CD-17C7968A7CF0}.Debug|iPhoneSimulator.Build.0 = Debug|Any CPU
		{682604DC-C92D-4BE9-B0CD-17C7968A7CF0}.Release|iPhoneSimulator.ActiveCfg = Release|Any CPU
		{682604DC-C92D-4BE9-B0CD-17C7968A7CF0}.Release|iPhoneSimulator.Build.0 = Release|Any CPU
		{682604DC-C92D-4BE9-B0CD-17C7968A7CF0}.Debug|iPhone.ActiveCfg = Debug|Any CPU
		{682604DC-C92D-4BE9-B0CD-17C7968A7CF0}.Debug|iPhone.Build.0 = Debug|Any CPU
		{682604DC-C92D-4BE9-B0CD-17C7968A7CF0}.Release|iPhone.ActiveCfg = Release|Any CPU
		{682604DC-C92D-4BE9-B0CD-17C7968A7CF0}.Release|iPhone.Build.0 = Release|Any CPU
	EndGlobalSection
	GlobalSection(SolutionProperties) = preSolution
		HideSolutionNode = FALSE
	EndGlobalSection
	GlobalSection(ExtensibilityGlobals) = postSolution
		SolutionGuid = {31340D76-55ED-4499-9440-353B2A35EC79}
	EndGlobalSection
EndGlobal
